
Microsoft Visual Studio Solution File, Format Version 12.00
# Visual Studio Version 17
VisualStudioVersion = 17.9.34607.119
MinimumVisualStudioVersion = 10.0.40219.1
Project("{FAE04EC0-301F-11D3-BF4B-00C04F79EFBC}") = "TextEditor", "TextEditor\TextEditor.csproj", "{CC6E45CB-D5F4-4324-84F3-CC28A6FEC632}"
EndProject
Global
	GlobalSection(SolutionConfigurationPlatforms) = preSolution
		Debug|Any CPU = Debug|Any CPU
		Release|Any CPU = Release|Any CPU
	EndGlobalSection
	GlobalSection(ProjectConfigurationPlatforms) = postSolution
		{CC6E45CB-D5F4-4324-84F3-CC28A6FEC632}.Debug|Any CPU.ActiveCfg = Debug|Any CPU
		{CC6E45CB-D5F4-4324-84F3-CC28A6FEC632}.Debug|Any CPU.Build.0 = Debug|Any CPU
		{CC6E45CB-D5F4-4324-84F3-CC28A6FEC632}.Release|Any CPU.ActiveCfg = Release|Any CPU
		{CC6E45CB-D5F4-4324-84F3-CC28A6FEC632}.Release|Any CPU.Build.0 = Release|Any CPU
	EndGlobalSection
	GlobalSection(SolutionProperties) = preSolution
		HideSolutionNode = FALSE
	EndGlobalSection
	GlobalSection(ExtensibilityGlobals) = postSolution
		SolutionGuid = {5B49895F-4B1C-4A8F-9762-7A519E37A48F}
	EndGlobalSection
EndGlobal
