
Microsoft Visual Studio Solution File, Format Version 12.00
# Visual Studio Version 17
VisualStudioVersion = 17.9.34607.119
MinimumVisualStudioVersion = 10.0.40219.1
Project("{FAE04EC0-301F-11D3-BF4B-00C04F79EFBC}") = "baltaIO", "baltaIO\baltaIO.csproj", "{19707611-6A8C-4761-80EA-258EF7571B48}"
EndProject
Global
	GlobalSection(SolutionConfigurationPlatforms) = preSolution
		Debug|Any CPU = Debug|Any CPU
		Release|Any CPU = Release|Any CPU
	EndGlobalSection
	GlobalSection(ProjectConfigurationPlatforms) = postSolution
		{19707611-6A8C-4761-80EA-258EF7571B48}.Debug|Any CPU.ActiveCfg = Debug|Any CPU
		{19707611-6A8C-4761-80EA-258EF7571B48}.Debug|Any CPU.Build.0 = Debug|Any CPU
		{19707611-6A8C-4761-80EA-258EF7571B48}.Release|Any CPU.ActiveCfg = Release|Any CPU
		{19707611-6A8C-4761-80EA-258EF7571B48}.Release|Any CPU.Build.0 = Release|Any CPU
	EndGlobalSection
	GlobalSection(SolutionProperties) = preSolution
		HideSolutionNode = FALSE
	EndGlobalSection
	GlobalSection(ExtensibilityGlobals) = postSolution
		SolutionGuid = {B52FB3EB-2158-4438-BCFA-1F0DAED9B8A5}
	EndGlobalSection
EndGlobal
