
Microsoft Visual Studio Solution File, Format Version 12.00
# Visual Studio Version 17
VisualStudioVersion = 17.9.34607.119
MinimumVisualStudioVersion = 10.0.40219.1
Project("{FAE04EC0-301F-11D3-BF4B-00C04F79EFBC}") = "Calculator", "Calculator\Calculator.csproj", "{46AA8721-3B45-4379-9E20-63D7C7516425}"
EndProject
Global
	GlobalSection(SolutionConfigurationPlatforms) = preSolution
		Debug|Any CPU = Debug|Any CPU
		Release|Any CPU = Release|Any CPU
	EndGlobalSection
	GlobalSection(ProjectConfigurationPlatforms) = postSolution
		{46AA8721-3B45-4379-9E20-63D7C7516425}.Debug|Any CPU.ActiveCfg = Debug|Any CPU
		{46AA8721-3B45-4379-9E20-63D7C7516425}.Debug|Any CPU.Build.0 = Debug|Any CPU
		{46AA8721-3B45-4379-9E20-63D7C7516425}.Release|Any CPU.ActiveCfg = Release|Any CPU
		{46AA8721-3B45-4379-9E20-63D7C7516425}.Release|Any CPU.Build.0 = Release|Any CPU
	EndGlobalSection
	GlobalSection(SolutionProperties) = preSolution
		HideSolutionNode = FALSE
	EndGlobalSection
	GlobalSection(ExtensibilityGlobals) = postSolution
		SolutionGuid = {C2FB9B89-0B30-4472-8A37-E6D43C432AF4}
	EndGlobalSection
EndGlobal
